PODS:
  - FSCalendar (2.8.3)

DEPENDENCIES:
  - FSCalendar (from `https://github.com/hyejinL/FSCalendar.git`, branch `dooribun`)

EXTERNAL SOURCES:
  FSCalendar:
    :branch: dooribun
    :git: https://github.com/hyejinL/FSCalendar.git

CHECKOUT OPTIONS:
  FSCalendar:
    :commit: 09cdece9e5edbe4789d18f3f6a91e0bc2e37d0ca
    :git: https://github.com/hyejinL/FSCalendar.git

SPEC CHECKSUMS:
  FSCalendar: ed63fee7df375e34340c1236308fdbfc568d26ac

PODFILE CHECKSUM: f79e4ff131f18ebf6c88dfc1a98e5daa4f25e0fb

COCOAPODS: 1.10.1
