// !$*UTF8*$!
{
	archiveVersion = 1;
	classes = {
	};
	objectVersion = 50;
	objects = {

/* Begin PBXBuildFile section */
		40707293268C78E900D901C8 /* CalendarTableViewCell.swift in Sources */ = {isa = PBXBuildFile; fileRef = 40707292268C78E900D901C8 /* CalendarTableViewCell.swift */; };
		40707297268C790100D901C8 /* CalendarModel.swift in Sources */ = {isa = PBXBuildFile; fileRef = 40707294268C790100D901C8 /* CalendarModel.swift */; };
		40707298268C790100D901C8 /* CalendarCollectionViewCell.swift in Sources */ = {isa = PBXBuildFile; fileRef = 40707295268C790100D901C8 /* CalendarCollectionViewCell.swift */; };
		40707299268C790100D901C8 /* CalendarCollectionViewCell.xib in Resources */ = {isa = PBXBuildFile; fileRef = 40707296268C790100D901C8 /* CalendarCollectionViewCell.xib */; };
		40F4D818268C776F00ECBCA4 /* AppDelegate.swift in Sources */ = {isa = PBXBuildFile; fileRef = 40F4D817268C776F00ECBCA4 /* AppDelegate.swift */; };
		40F4D81A268C776F00ECBCA4 /* SceneDelegate.swift in Sources */ = {isa = PBXBuildFile; fileRef = 40F4D819268C776F00ECBCA4 /* SceneDelegate.swift */; };
		40F4D81C268C776F00ECBCA4 /* ViewController.swift in Sources */ = {isa = PBXBuildFile; fileRef = 40F4D81B268C776F00ECBCA4 /* ViewController.swift */; };
		40F4D81F268C776F00ECBCA4 /* Main.storyboard in Resources */ = {isa = PBXBuildFile; fileRef = 40F4D81D268C776F00ECBCA4 /* Main.storyboard */; };
		40F4D821268C776F00ECBCA4 /* Assets.xcassets in Resources */ = {isa = PBXBuildFile; fileRef = 40F4D820268C776F00ECBCA4 /* Assets.xcassets */; };
		40F4D824268C776F00ECBCA4 /* LaunchScreen.storyboard in Resources */ = {isa = PBXBuildFile; fileRef = 40F4D822268C776F00ECBCA4 /* LaunchScreen.storyboard */; };
/* End PBXBuildFile section */

/* Begin PBXFileReference section */
		40707292268C78E900D901C8 /* CalendarTableViewCell.swift */ = {isa = PBXFileReference; fileEncoding = 4; lastKnownFileType = sourcecode.swift; path = CalendarTableViewCell.swift; sourceTree = "<group>"; };
		40707294268C790100D901C8 /* CalendarModel.swift */ = {isa = PBXFileReference; fileEncoding = 4; lastKnownFileType = sourcecode.swift; path = CalendarModel.swift; sourceTree = "<group>"; };
		40707295268C790100D901C8 /* CalendarCollectionViewCell.swift */ = {isa = PBXFileReference; fileEncoding = 4; lastKnownFileType = sourcecode.swift; path = CalendarCollectionViewCell.swift; sourceTree = "<group>"; };
		40707296268C790100D901C8 /* CalendarCollectionViewCell.xib */ = {isa = PBXFileReference; fileEncoding = 4; lastKnownFileType = file.xib; path = CalendarCollectionViewCell.xib; sourceTree = "<group>"; };
		40F4D814268C776F00ECBCA4 /* AddNewTrip.app */ = {isa = PBXFileReference; explicitFileType = wrapper.application; includeInIndex = 0; path = AddNewTrip.app; sourceTree = BUILT_PRODUCTS_DIR; };
		40F4D817268C776F00ECBCA4 /* AppDelegate.swift */ = {isa = PBXFileReference; lastKnownFileType = sourcecode.swift; path = AppDelegate.swift; sourceTree = "<group>"; };
		40F4D819268C776F00ECBCA4 /* SceneDelegate.swift */ = {isa = PBXFileReference; lastKnownFileType = sourcecode.swift; path = SceneDelegate.swift; sourceTree = "<group>"; };
		40F4D81B268C776F00ECBCA4 /* ViewController.swift */ = {isa = PBXFileReference; lastKnownFileType = sourcecode.swift; path = ViewController.swift; sourceTree = "<group>"; };
		40F4D81E268C776F00ECBCA4 /* Base */ = {isa = PBXFileReference; lastKnownFileType = file.storyboard; name = Base; path = Base.lproj/Main.storyboard; sourceTree = "<group>"; };
		40F4D820268C776F00ECBCA4 /* Assets.xcassets */ = {isa = PBXFileReference; lastKnownFileType = folder.assetcatalog; path = Assets.xcassets; sourceTree = "<group>"; };
		40F4D823268C776F00ECBCA4 /* Base */ = {isa = PBXFileReference; lastKnownFileType = file.storyboard; name = Base; path = Base.lproj/LaunchScreen.storyboard; sourceTree = "<group>"; };
		40F4D825268C776F00ECBCA4 /* Info.plist */ = {isa = PBXFileReference; lastKnownFileType = text.plist.xml; path = Info.plist; sourceTree = "<group>"; };
/* End PBXFileReference section */

/* Begin PBXFrameworksBuildPhase section */
		40F4D811268C776F00ECBCA4 /* Frameworks */ = {
			isa = PBXFrameworksBuildPhase;
			buildActionMask = 2147483647;
			files = (
			);
			runOnlyForDeploymentPostprocessing = 0;
		};
/* End PBXFrameworksBuildPhase section */

/* Begin PBXGroup section */
		40F4D80B268C776F00ECBCA4 = {
			isa = PBXGroup;
			children = (
				40F4D816268C776F00ECBCA4 /* AddNewTrip */,
				40F4D815268C776F00ECBCA4 /* Products */,
			);
			sourceTree = "<group>";
		};
		40F4D815268C776F00ECBCA4 /* Products */ = {
			isa = PBXGroup;
			children = (
				40F4D814268C776F00ECBCA4 /* AddNewTrip.app */,
			);
			name = Products;
			sourceTree = "<group>";
		};
		40F4D816268C776F00ECBCA4 /* AddNewTrip */ = {
			isa = PBXGroup;
			children = (
				40707295268C790100D901C8 /* CalendarCollectionViewCell.swift */,
				40707296268C790100D901C8 /* CalendarCollectionViewCell.xib */,
				40707294268C790100D901C8 /* CalendarModel.swift */,
				40707292268C78E900D901C8 /* CalendarTableViewCell.swift */,
				40F4D817268C776F00ECBCA4 /* AppDelegate.swift */,
				40F4D819268C776F00ECBCA4 /* SceneDelegate.swift */,
				40F4D81B268C776F00ECBCA4 /* ViewController.swift */,
				40F4D81D268C776F00ECBCA4 /* Main.storyboard */,
				40F4D820268C776F00ECBCA4 /* Assets.xcassets */,
				40F4D822268C776F00ECBCA4 /* LaunchScreen.storyboard */,
				40F4D825268C776F00ECBCA4 /* Info.plist */,
			);
			path = AddNewTrip;
			sourceTree = "<group>";
		};
/* End PBXGroup section */

/* Begin PBXNativeTarget section */
		40F4D813268C776F00ECBCA4 /* AddNewTrip */ = {
			isa = PBXNativeTarget;
			buildConfigurationList = 40F4D828268C776F00ECBCA4 /* Build configuration list for PBXNativeTarget "AddNewTrip" */;
			buildPhases = (
				40F4D810268C776F00ECBCA4 /* Sources */,
				40F4D811268C776F00ECBCA4 /* Frameworks */,
				40F4D812268C776F00ECBCA4 /* Resources */,
			);
			buildRules = (
			);
			dependencies = (
			);
			name = AddNewTrip;
			productName = AddNewTrip;
			productReference = 40F4D814268C776F00ECBCA4 /* AddNewTrip.app */;
			productType = "com.apple.product-type.application";
		};
/* End PBXNativeTarget section */

/* Begin PBXProject section */
		40F4D80C268C776F00ECBCA4 /* Project object */ = {
			isa = PBXProject;
			attributes = {
				LastSwiftUpdateCheck = 1250;
				LastUpgradeCheck = 1250;
				TargetAttributes = {
					40F4D813268C776F00ECBCA4 = {
						CreatedOnToolsVersion = 12.5;
					};
				};
			};
			buildConfigurationList = 40F4D80F268C776F00ECBCA4 /* Build configuration list for PBXProject "AddNewTrip" */;
			compatibilityVersion = "Xcode 9.3";
			developmentRegion = en;
			hasScannedForEncodings = 0;
			knownRegions = (
				en,
				Base,
			);
			mainGroup = 40F4D80B268C776F00ECBCA4;
			productRefGroup = 40F4D815268C776F00ECBCA4 /* Products */;
			projectDirPath = "";
			projectRoot = "";
			targets = (
				40F4D813268C776F00ECBCA4 /* AddNewTrip */,
			);
		};
/* End PBXProject section */

/* Begin PBXResourcesBuildPhase section */
		40F4D812268C776F00ECBCA4 /* Resources */ = {
			isa = PBXResourcesBuildPhase;
			buildActionMask = 2147483647;
			files = (
				40707299268C790100D901C8 /* CalendarCollectionViewCell.xib in Resources */,
				40F4D824268C776F00ECBCA4 /* LaunchScreen.storyboard in Resources */,
				40F4D821268C776F00ECBCA4 /* Assets.xcassets in Resources */,
				40F4D81F268C776F00ECBCA4 /* Main.storyboard in Resources */,
			);
			runOnlyForDeploymentPostprocessing = 0;
		};
/* End PBXResourcesBuildPhase section */

/* Begin PBXSourcesBuildPhase section */
		40F4D810268C776F00ECBCA4 /* Sources */ = {
			isa = PBXSourcesBuildPhase;
			buildActionMask = 2147483647;
			files = (
				40707298268C790100D901C8 /* CalendarCollectionViewCell.swift in Sources */,
				40F4D81C268C776F00ECBCA4 /* ViewController.swift in Sources */,
				40707297268C790100D901C8 /* CalendarModel.swift in Sources */,
				40F4D818268C776F00ECBCA4 /* AppDelegate.swift in Sources */,
				40F4D81A268C776F00ECBCA4 /* SceneDelegate.swift in Sources */,
				40707293268C78E900D901C8 /* CalendarTableViewCell.swift in Sources */,
			);
			runOnlyForDeploymentPostprocessing = 0;
		};
/* End PBXSourcesBuildPhase section */

/* Begin PBXVariantGroup section */
		40F4D81D268C776F00ECBCA4 /* Main.storyboard */ = {
			isa = PBXVariantGroup;
			children = (
				40F4D81E268C776F00ECBCA4 /* Base */,
			);
			name = Main.storyboard;
			sourceTree = "<group>";
		};
		40F4D822268C776F00ECBCA4 /* LaunchScreen.storyboard */ = {
			isa = PBXVariantGroup;
			children = (
				40F4D823268C776F00ECBCA4 /* Base */,
			);
			name = LaunchScreen.storyboard;
			sourceTree = "<group>";
		};
/* End PBXVariantGroup section */

/* Begin XCBuildConfiguration section */
		40F4D826268C776F00ECBCA4 /* Debug */ = {
			isa = XCBuildConfiguration;
			buildSettings = {
				ALWAYS_SEARCH_USER_PATHS = NO;
				CLANG_ANALYZER_NONNULL = YES;
				CLANG_ANALYZER_NUMBER_OBJECT_CONVERSION = YES_AGGRESSIVE;
				CLANG_CXX_LANGUAGE_STANDARD = "gnu++14";
				CLANG_CXX_LIBRARY = "libc++";
				CLANG_ENABLE_MODULES = YES;
				CLANG_ENABLE_OBJC_ARC = YES;
				CLANG_ENABLE_OBJC_WEAK = YES;
				CLANG_WARN_BLOCK_CAPTURE_AUTORELEASING = YES;
				CLANG_WARN_BOOL_CONVERSION = YES;
				CLANG_WARN_COMMA = YES;
				CLANG_WARN_CONSTANT_CONVERSION = YES;
				CLANG_WARN_DEPRECATED_OBJC_IMPLEMENTATIONS = YES;
				CLANG_WARN_DIRECT_OBJC_ISA_USAGE = YES_ERROR;
				CLANG_WARN_DOCUMENTATION_COMMENTS = YES;
				CLANG_WARN_EMPTY_BODY = YES;
				CLANG_WARN_ENUM_CONVERSION = YES;
				CLANG_WARN_INFINITE_RECURSION = YES;
				CLANG_WARN_INT_CONVERSION = YES;
				CLANG_WARN_NON_LITERAL_NULL_CONVERSION = YES;
				CLANG_WARN_OBJC_IMPLICIT_RETAIN_SELF = YES;
				CLANG_WARN_OBJC_LITERAL_CONVERSION = YES;
				CLANG_WARN_OBJC_ROOT_CLASS = YES_ERROR;
				CLANG_WARN_QUOTED_INCLUDE_IN_FRAMEWORK_HEADER = YES;
				CLANG_WARN_RANGE_LOOP_ANALYSIS = YES;
				CLANG_WARN_STRICT_PROTOTYPES = YES;
				CLANG_WARN_SUSPICIOUS_MOVE = YES;
				CLANG_WARN_UNGUARDED_AVAILABILITY = YES_AGGRESSIVE;
				CLANG_WARN_UNREACHABLE_CODE = YES;
				CLANG_WARN__DUPLICATE_METHOD_MATCH = YES;
				COPY_PHASE_STRIP = NO;
				DEBUG_INFORMATION_FORMAT = dwarf;
				ENABLE_STRICT_OBJC_MSGSEND = YES;
				ENABLE_TESTABILITY = YES;
				GCC_C_LANGUAGE_STANDARD = gnu11;
				GCC_DYNAMIC_NO_PIC = NO;
				GCC_NO_COMMON_BLOCKS = YES;
				GCC_OPTIMIZATION_LEVEL = 0;
				GCC_PREPROCESSOR_DEFINITIONS = (
					"DEBUG=1",
					"$(inherited)",
				);
				GCC_WARN_64_TO_32_BIT_CONVERSION = YES;
				GCC_WARN_ABOUT_RETURN_TYPE = YES_ERROR;
				GCC_WARN_UNDECLARED_SELECTOR = YES;
				GCC_WARN_UNINITIALIZED_AUTOS = YES_AGGRESSIVE;
				GCC_WARN_UNUSED_FUNCTION = YES;
				GCC_WARN_UNUSED_VARIABLE = YES;
				IPHONEOS_DEPLOYMENT_TARGET = 14.5;
				MTL_ENABLE_DEBUG_INFO = INCLUDE_SOURCE;
				MTL_FAST_MATH = YES;
				ONLY_ACTIVE_ARCH = YES;
				SDKROOT = iphoneos;
				SWIFT_ACTIVE_COMPILATION_CONDITIONS = DEBUG;
				SWIFT_OPTIMIZATION_LEVEL = "-Onone";
			};
			name = Debug;
		};
		40F4D827268C776F00ECBCA4 /* Release */ = {
			isa = XCBuildConfiguration;
			buildSettings = {
				ALWAYS_SEARCH_USER_PATHS = NO;
				CLANG_ANALYZER_NONNULL = YES;
				CLANG_ANALYZER_NUMBER_OBJECT_CONVERSION = YES_AGGRESSIVE;
				CLANG_CXX_LANGUAGE_STANDARD = "gnu++14";
				CLANG_CXX_LIBRARY = "libc++";
				CLANG_ENABLE_MODULES = YES;
				CLANG_ENABLE_OBJC_ARC = YES;
				CLANG_ENABLE_OBJC_WEAK = YES;
				CLANG_WARN_BLOCK_CAPTURE_AUTORELEASING = YES;
				CLANG_WARN_BOOL_CONVERSION = YES;
				CLANG_WARN_COMMA = YES;
				CLANG_WARN_CONSTANT_CONVERSION = YES;
				CLANG_WARN_DEPRECATED_OBJC_IMPLEMENTATIONS = YES;
				CLANG_WARN_DIRECT_OBJC_ISA_USAGE = YES_ERROR;
				CLANG_WARN_DOCUMENTATION_COMMENTS = YES;
				CLANG_WARN_EMPTY_BODY = YES;
				CLANG_WARN_ENUM_CONVERSION = YES;
				CLANG_WARN_INFINITE_RECURSION = YES;
				CLANG_WARN_INT_CONVERSION = YES;
				CLANG_WARN_NON_LITERAL_NULL_CONVERSION = YES;
				CLANG_WARN_OBJC_IMPLICIT_RETAIN_SELF = YES;
				CLANG_WARN_OBJC_LITERAL_CONVERSION = YES;
				CLANG_WARN_OBJC_ROOT_CLASS = YES_ERROR;
				CLANG_WARN_QUOTED_INCLUDE_IN_FRAMEWORK_HEADER = YES;
				CLANG_WARN_RANGE_LOOP_ANALYSIS = YES;
				CLANG_WARN_STRICT_PROTOTYPES = YES;
				CLANG_WARN_SUSPICIOUS_MOVE = YES;
				CLANG_WARN_UNGUARDED_AVAILABILITY = YES_AGGRESSIVE;
				CLANG_WARN_UNREACHABLE_CODE = YES;
				CLANG_WARN__DUPLICATE_METHOD_MATCH = YES;
				COPY_PHASE_STRIP = NO;
				DEBUG_INFORMATION_FORMAT = "dwarf-with-dsym";
				ENABLE_NS_ASSERTIONS = NO;
				ENABLE_STRICT_OBJC_MSGSEND = YES;
				GCC_C_LANGUAGE_STANDARD = gnu11;
				GCC_NO_COMMON_BLOCKS = YES;
				GCC_WARN_64_TO_32_BIT_CONVERSION = YES;
				GCC_WARN_ABOUT_RETURN_TYPE = YES_ERROR;
				GCC_WARN_UNDECLARED_SELECTOR = YES;
				GCC_WARN_UNINITIALIZED_AUTOS = YES_AGGRESSIVE;
				GCC_WARN_UNUSED_FUNCTION = YES;
				GCC_WARN_UNUSED_VARIABLE = YES;
				IPHONEOS_DEPLOYMENT_TARGET = 14.5;
				MTL_ENABLE_DEBUG_INFO = NO;
				MTL_FAST_MATH = YES;
				SDKROOT = iphoneos;
				SWIFT_COMPILATION_MODE = wholemodule;
				SWIFT_OPTIMIZATION_LEVEL = "-O";
				VALIDATE_PRODUCT = YES;
			};
			name = Release;
		};
		40F4D829268C776F00ECBCA4 /* Debug */ = {
			isa = XCBuildConfiguration;
			buildSettings = {
				ASSETCATALOG_COMPILER_APPICON_NAME = AppIcon;
				ASSETCATALOG_COMPILER_GLOBAL_ACCENT_COLOR_NAME = AccentColor;
				CODE_SIGN_STYLE = Automatic;
				DEVELOPMENT_TEAM = 3TAJ2UVSWN;
				INFOPLIST_FILE = AddNewTrip/Info.plist;
				LD_RUNPATH_SEARCH_PATHS = (
					"$(inherited)",
					"@executable_path/Frameworks",
				);
				PRODUCT_BUNDLE_IDENTIFIER = com.SJHAN.AddNewTrip;
				PRODUCT_NAME = "$(TARGET_NAME)";
				SWIFT_VERSION = 5.0;
				TARGETED_DEVICE_FAMILY = "1,2";
			};
			name = Debug;
		};
		40F4D82A268C776F00ECBCA4 /* Release */ = {
			isa = XCBuildConfiguration;
			buildSettings = {
				ASSETCATALOG_COMPILER_APPICON_NAME = AppIcon;
				ASSETCATALOG_COMPILER_GLOBAL_ACCENT_COLOR_NAME = AccentColor;
				CODE_SIGN_STYLE = Automatic;
				DEVELOPMENT_TEAM = 3TAJ2UVSWN;
				INFOPLIST_FILE = AddNewTrip/Info.plist;
				LD_RUNPATH_SEARCH_PATHS = (
					"$(inherited)",
					"@executable_path/Frameworks",
				);
				PRODUCT_BUNDLE_IDENTIFIER = com.SJHAN.AddNewTrip;
				PRODUCT_NAME = "$(TARGET_NAME)";
				SWIFT_VERSION = 5.0;
				TARGETED_DEVICE_FAMILY = "1,2";
			};
			name = Release;
		};
/* End XCBuildConfiguration section */

/* Begin XCConfigurationList section */
		40F4D80F268C776F00ECBCA4 /* Build configuration list for PBXProject "AddNewTrip" */ = {
			isa = XCConfigurationList;
			buildConfigurations = (
				40F4D826268C776F00ECBCA4 /* Debug */,
				40F4D827268C776F00ECBCA4 /* Release */,
			);
			defaultConfigurationIsVisible = 0;
			defaultConfigurationName = Release;
		};
		40F4D828268C776F00ECBCA4 /* Build configuration list for PBXNativeTarget "AddNewTrip" */ = {
			isa = XCConfigurationList;
			buildConfigurations = (
				40F4D829268C776F00ECBCA4 /* Debug */,
				40F4D82A268C776F00ECBCA4 /* Release */,
			);
			defaultConfigurationIsVisible = 0;
			defaultConfigurationName = Release;
		};
/* End XCConfigurationList section */
	};
	rootObject = 40F4D80C268C776F00ECBCA4 /* Project object */;
}
